{
  "name": "CashFlowForecastingTool",
  "lockfileVersion": 3,
  "requires": true,
  "packages": {
    "": {
      "dependencies": {
        "chart.js": "^4.4.1"
      },
      "devDependencies": {
        "@types/chart.js": "^2.9.41"
      }
    },
    "node_modules/@kurkle/color": {
      "version": "0.3.2",
      "resolved": "https://registry.npmjs.org/@kurkle/color/-/color-0.3.2.tgz",
      "integrity": "sha512-fuscdXJ9G1qb7W8VdHi+IwRqij3lBkosAm4ydQtEmbY58OzHXqQhvlxqEkoz0yssNVn38bcpRWgA9PP+OGoisw=="
    },
    "node_modules/@types/chart.js": {
      "version": "2.9.41",
      "resolved": "https://registry.npmjs.org/@types/chart.js/-/chart.js-2.9.41.tgz",
      "integrity": "sha512-3dvkDvueckY83UyUXtJMalYoH6faOLkWQoaTlJgB4Djde3oORmNP0Jw85HtzTuXyliUHcdp704s0mZFQKio/KQ==",
      "dev": true,
      "dependencies": {
        "moment": "^2.10.2"
      }
    },